
Microsoft Visual Studio Solution File, Format Version 12.00
# Visual Studio 15
VisualStudioVersion = 15.0.28307.329
MinimumVisualStudioVersion = 10.0.40219.1
Project("{8BC9CEB8-8B4A-11D0-8D11-00A0C91BC942}") = "include", "include\include.vcxproj", "{669FBB7D-811D-40E7-A5FA-791B09D6DF95}"
EndProject
Project("{8BC9CEB8-8B4A-11D0-8D11-00A0C91BC942}") = "ceng-win32", "ceng_win32\ceng-win32.vcxproj", "{79952CFB-F168-4AAC-8385-0329BFDC7935}"
EndProject
Project("{8BC9CEB8-8B4A-11D0-8D11-00A0C91BC942}") = "timerlib", "timerlib\timerlib.vcxproj", "{CBDA0568-0482-42B1-B0A9-B1E7525C0093}"
EndProject
Project("{8BC9CEB8-8B4A-11D0-8D11-00A0C91BC942}") = "liblog", "liblog\liblog.vcxproj", "{7249839D-57C5-48D2-BBE3-CBA9035A7FF3}"
EndProject
Global
	GlobalSection(SolutionConfigurationPlatforms) = preSolution
		Debug|x64 = Debug|x64
		Debug|x86 = Debug|x86
		Release|x64 = Release|x64
		Release|x86 = Release|x86
	EndGlobalSection
	GlobalSection(ProjectConfigurationPlatforms) = postSolution
		{669FBB7D-811D-40E7-A5FA-791B09D6DF95}.Debug|x64.ActiveCfg = Debug|x64
		{669FBB7D-811D-40E7-A5FA-791B09D6DF95}.Debug|x64.Build.0 = Debug|x64
		{669FBB7D-811D-40E7-A5FA-791B09D6DF95}.Debug|x86.ActiveCfg = Debug|Win32
		{669FBB7D-811D-40E7-A5FA-791B09D6DF95}.Debug|x86.Build.0 = Debug|Win32
		{669FBB7D-811D-40E7-A5FA-791B09D6DF95}.Release|x64.ActiveCfg = Release|x64
		{669FBB7D-811D-40E7-A5FA-791B09D6DF95}.Release|x64.Build.0 = Release|x64
		{669FBB7D-811D-40E7-A5FA-791B09D6DF95}.Release|x86.ActiveCfg = Release|Win32
		{669FBB7D-811D-40E7-A5FA-791B09D6DF95}.Release|x86.Build.0 = Release|Win32
		{79952CFB-F168-4AAC-8385-0329BFDC7935}.Debug|x64.ActiveCfg = Debug|Win32
		{79952CFB-F168-4AAC-8385-0329BFDC7935}.Debug|x86.ActiveCfg = Debug|Win32
		{79952CFB-F168-4AAC-8385-0329BFDC7935}.Debug|x86.Build.0 = Debug|Win32
		{79952CFB-F168-4AAC-8385-0329BFDC7935}.Release|x64.ActiveCfg = Release|Win32
		{79952CFB-F168-4AAC-8385-0329BFDC7935}.Release|x86.ActiveCfg = Release|Win32
		{79952CFB-F168-4AAC-8385-0329BFDC7935}.Release|x86.Build.0 = Release|Win32
		{CBDA0568-0482-42B1-B0A9-B1E7525C0093}.Debug|x64.ActiveCfg = Debug|Win32
		{CBDA0568-0482-42B1-B0A9-B1E7525C0093}.Debug|x86.ActiveCfg = Debug|Win32
		{CBDA0568-0482-42B1-B0A9-B1E7525C0093}.Debug|x86.Build.0 = Debug|Win32
		{CBDA0568-0482-42B1-B0A9-B1E7525C0093}.Release|x64.ActiveCfg = Release|Win32
		{CBDA0568-0482-42B1-B0A9-B1E7525C0093}.Release|x86.ActiveCfg = Release|Win32
		{CBDA0568-0482-42B1-B0A9-B1E7525C0093}.Release|x86.Build.0 = Release|Win32
		{7249839D-57C5-48D2-BBE3-CBA9035A7FF3}.Debug|x64.ActiveCfg = Debug|Win32
		{7249839D-57C5-48D2-BBE3-CBA9035A7FF3}.Debug|x86.ActiveCfg = Debug|Win32
		{7249839D-57C5-48D2-BBE3-CBA9035A7FF3}.Debug|x86.Build.0 = Debug|Win32
		{7249839D-57C5-48D2-BBE3-CBA9035A7FF3}.Release|x64.ActiveCfg = Release|Win32
		{7249839D-57C5-48D2-BBE3-CBA9035A7FF3}.Release|x86.ActiveCfg = Release|Win32
		{7249839D-57C5-48D2-BBE3-CBA9035A7FF3}.Release|x86.Build.0 = Release|Win32
	EndGlobalSection
	GlobalSection(SolutionProperties) = preSolution
		HideSolutionNode = FALSE
	EndGlobalSection
	GlobalSection(ExtensibilityGlobals) = postSolution
		SolutionGuid = {30163D5F-FFE4-443A-9704-560A0F659A3D}
	EndGlobalSection
EndGlobal
