<?xml version="1.0" encoding="utf-8"?>
<Project ToolsVersion="4.0" xmlns="http://schemas.microsoft.com/developer/msbuild/2003">
  <ItemGroup>
    <Filter Include="Source Files">
      <UniqueIdentifier>{4FC737F1-C7A5-4376-A066-2A32D752A2FF}</UniqueIdentifier>
      <Extensions>cpp;c;cc;cxx;c++;cppm;ixx;def;odl;idl;hpj;bat;asm;asmx</Extensions>
    </Filter>
    <Filter Include="Header Files">
      <UniqueIdentifier>{93995380-89BD-4b04-88EB-625FBE52EBFB}</UniqueIdentifier>
      <Extensions>h;hh;hpp;hxx;h++;hm;inl;inc;ipp;xsd</Extensions>
    </Filter>
    <Filter Include="Resource Files">
      <UniqueIdentifier>{67DA6AB6-F800-4c08-8B7A-83BB121AAD01}</UniqueIdentifier>
      <Extensions>rc;ico;cur;bmp;dlg;rc2;rct;bin;rgs;gif;jpg;jpeg;jpe;resx;tiff;tif;png;wav;mfcribbon-ms</Extensions>
    </Filter>
    <Filter Include="Header Files\src">
      <UniqueIdentifier>{e1e02053-6ed0-4812-a6be-f01188c19384}</UniqueIdentifier>
    </Filter>
  </ItemGroup>
  <ItemGroup>
    <ClCompile Include="..\..\ceng-glsl\tokenizer.cpp">
      <Filter>Source Files</Filter>
    </ClCompile>
    <ClCompile Include="..\..\ceng-glsl\token.cpp">
      <Filter>Source Files</Filter>
    </ClCompile>
    <ClCompile Include="..\..\ceng-glsl\glsl-parser.cpp">
      <Filter>Source Files</Filter>
    </ClCompile>
    <ClCompile Include="..\..\ceng-glsl\type-spec-no-arr.cpp">
      <Filter>Source Files</Filter>
    </ClCompile>
  </ItemGroup>
  <ItemGroup>
    <ClInclude Include="..\..\ceng-glsl\inc\ceng\ceng-glsl.h">
      <Filter>Header Files</Filter>
    </ClInclude>
    <ClInclude Include="..\..\ceng-glsl\inc\ceng\token.h">
      <Filter>Header Files</Filter>
    </ClInclude>
    <ClInclude Include="..\..\ceng-glsl\inc\ceng\tokenizer.h">
      <Filter>Header Files</Filter>
    </ClInclude>
    <ClInclude Include="..\..\ceng-glsl\inc\ceng\token-type.h">
      <Filter>Header Files</Filter>
    </ClInclude>
    <ClInclude Include="..\..\ceng-glsl\keyword_db.h">
      <Filter>Header Files\src</Filter>
    </ClInclude>
    <ClInclude Include="..\..\ceng-glsl\inc\ceng\glsl-parser.h">
      <Filter>Header Files</Filter>
    </ClInclude>
    <ClInclude Include="..\..\ceng-glsl\inc\ceng\token-category.h">
      <Filter>Header Files</Filter>
    </ClInclude>
    <ClInclude Include="..\..\ceng-glsl\inc\ceng\storage-qualifier.h">
      <Filter>Header Files</Filter>
    </ClInclude>
    <ClInclude Include="..\..\ceng-glsl\inc\ceng\type-spec-no-arr.h">
      <Filter>Header Files</Filter>
    </ClInclude>
    <ClInclude Include="..\..\ceng-glsl\inc\ceng\struct-specifier.h">
      <Filter>Header Files</Filter>
    </ClInclude>
    <ClInclude Include="..\..\ceng-glsl\inc\ceng\IASTNode.h">
      <Filter>Header Files</Filter>
    </ClInclude>
  </ItemGroup>
</Project>