<?xml version="1.0" encoding="utf-8"?>
<Project ToolsVersion="4.0" xmlns="http://schemas.microsoft.com/developer/msbuild/2003">
  <ItemGroup>
    <Filter Include="Source Files">
      <UniqueIdentifier>{4FC737F1-C7A5-4376-A066-2A32D752A2FF}</UniqueIdentifier>
      <Extensions>cpp;c;cc;cxx;c++;cppm;ixx;def;odl;idl;hpj;bat;asm;asmx</Extensions>
    </Filter>
    <Filter Include="Header Files">
      <UniqueIdentifier>{93995380-89BD-4b04-88EB-625FBE52EBFB}</UniqueIdentifier>
      <Extensions>h;hh;hpp;hxx;h++;hm;inl;inc;ipp;xsd</Extensions>
    </Filter>
    <Filter Include="Resource Files">
      <UniqueIdentifier>{67DA6AB6-F800-4c08-8B7A-83BB121AAD01}</UniqueIdentifier>
      <Extensions>rc;ico;cur;bmp;dlg;rc2;rct;bin;rgs;gif;jpg;jpeg;jpe;resx;tiff;tif;png;wav;mfcribbon-ms</Extensions>
    </Filter>
    <Filter Include="Header Files\public_interface">
      <UniqueIdentifier>{20db5930-fe36-4d45-bd9a-55e38a600bd4}</UniqueIdentifier>
    </Filter>
  </ItemGroup>
  <ItemGroup>
    <ClInclude Include="..\..\ceng-glsl\inc\ceng\GLSL\AbstractSyntaxTree.h">
      <Filter>Header Files\public_interface</Filter>
    </ClInclude>
    <ClInclude Include="..\..\ceng-glsl\inc\ceng\GLSL\IASTNode.h">
      <Filter>Header Files\public_interface</Filter>
    </ClInclude>
    <ClInclude Include="..\..\ceng-glsl\inc\ceng\GLSL\IParser.h">
      <Filter>Header Files\public_interface</Filter>
    </ClInclude>
    <ClInclude Include="..\..\ceng-glsl\inc\ceng\GLSL\Token.h">
      <Filter>Header Files\public_interface</Filter>
    </ClInclude>
    <ClInclude Include="..\..\ceng-glsl\inc\ceng\GLSL\TokenCategory.h">
      <Filter>Header Files\public_interface</Filter>
    </ClInclude>
    <ClInclude Include="..\..\ceng-glsl\inc\ceng\GLSL\TokenType.h">
      <Filter>Header Files\public_interface</Filter>
    </ClInclude>
    <ClInclude Include="..\..\ceng-glsl\src\ConstantExpression.h">
      <Filter>Header Files</Filter>
    </ClInclude>
    <ClInclude Include="..\..\ceng-glsl\src\Declaration.h">
      <Filter>Header Files</Filter>
    </ClInclude>
    <ClInclude Include="..\..\ceng-glsl\src\FullySpecifiedType.h">
      <Filter>Header Files</Filter>
    </ClInclude>
    <ClInclude Include="..\..\ceng-glsl\src\GLSL_Parser.h">
      <Filter>Header Files</Filter>
    </ClInclude>
    <ClInclude Include="..\..\ceng-glsl\src\InitDeclaratorList.h">
      <Filter>Header Files</Filter>
    </ClInclude>
    <ClInclude Include="..\..\ceng-glsl\src\Initializer.h">
      <Filter>Header Files</Filter>
    </ClInclude>
    <ClInclude Include="..\..\ceng-glsl\src\InterpolationQualifier.h">
      <Filter>Header Files</Filter>
    </ClInclude>
    <ClInclude Include="..\..\ceng-glsl\src\keyword_db.h">
      <Filter>Header Files</Filter>
    </ClInclude>
    <ClInclude Include="..\..\ceng-glsl\src\LayoutQualifier.h">
      <Filter>Header Files</Filter>
    </ClInclude>
    <ClInclude Include="..\..\ceng-glsl\src\LayoutQualifierId.h">
      <Filter>Header Files</Filter>
    </ClInclude>
    <ClInclude Include="..\..\ceng-glsl\src\LayoutQualifierIdList.h">
      <Filter>Header Files</Filter>
    </ClInclude>
    <ClInclude Include="..\..\ceng-glsl\src\ParserReturnValue.h">
      <Filter>Header Files</Filter>
    </ClInclude>
    <ClInclude Include="..\..\ceng-glsl\src\PrecisionQualifier.h">
      <Filter>Header Files</Filter>
    </ClInclude>
    <ClInclude Include="..\..\ceng-glsl\src\SingleDeclaration.h">
      <Filter>Header Files</Filter>
    </ClInclude>
    <ClInclude Include="..\..\ceng-glsl\src\StorageQualifier.h">
      <Filter>Header Files</Filter>
    </ClInclude>
    <ClInclude Include="..\..\ceng-glsl\src\StructSpecifier.h">
      <Filter>Header Files</Filter>
    </ClInclude>
    <ClInclude Include="..\..\ceng-glsl\src\TokenInfo.h">
      <Filter>Header Files</Filter>
    </ClInclude>
    <ClInclude Include="..\..\ceng-glsl\src\TypeQualifier.h">
      <Filter>Header Files</Filter>
    </ClInclude>
    <ClInclude Include="..\..\ceng-glsl\src\TypeSpecifierNoArray.h">
      <Filter>Header Files</Filter>
    </ClInclude>
    <ClInclude Include="..\..\ceng-glsl\src\TypeSpecifierNoPrecision.h">
      <Filter>Header Files</Filter>
    </ClInclude>
    <ClInclude Include="..\..\ceng-glsl\src\TypeSpecifier.h">
      <Filter>Header Files</Filter>
    </ClInclude>
    <ClInclude Include="..\..\ceng-glsl\inc\ceng\GLSL\Tokenizer.h">
      <Filter>Header Files\public_interface</Filter>
    </ClInclude>
    <ClInclude Include="..\..\ceng-glsl\src\INonTerminal.h">
      <Filter>Header Files</Filter>
    </ClInclude>
    <ClInclude Include="..\..\ceng-glsl\src\NonTerminalType.h">
      <Filter>Header Files</Filter>
    </ClInclude>
    <ClInclude Include="..\..\ceng-glsl\src\StorageQualifierType.h">
      <Filter>Header Files</Filter>
    </ClInclude>
    <ClInclude Include="..\..\ceng-glsl\src\InterpolationQualifierType.h">
      <Filter>Header Files</Filter>
    </ClInclude>
  </ItemGroup>
  <ItemGroup>
    <ClCompile Include="..\..\ceng-glsl\src\TypeSpecifier.cpp">
      <Filter>Source Files</Filter>
    </ClCompile>
    <ClCompile Include="..\..\ceng-glsl\src\TypeSpecificationNoPrecision.cpp">
      <Filter>Source Files</Filter>
    </ClCompile>
    <ClCompile Include="..\..\ceng-glsl\src\TypeSpecificationNoArray.cpp">
      <Filter>Source Files</Filter>
    </ClCompile>
    <ClCompile Include="..\..\ceng-glsl\src\TypeQualifier.cpp">
      <Filter>Source Files</Filter>
    </ClCompile>
    <ClCompile Include="..\..\ceng-glsl\src\Tokenizer.cpp">
      <Filter>Source Files</Filter>
    </ClCompile>
    <ClCompile Include="..\..\ceng-glsl\src\Token.cpp">
      <Filter>Source Files</Filter>
    </ClCompile>
    <ClCompile Include="..\..\ceng-glsl\src\SingleDeclaration.cpp">
      <Filter>Source Files</Filter>
    </ClCompile>
    <ClCompile Include="..\..\ceng-glsl\src\keyword_db.cpp">
      <Filter>Source Files</Filter>
    </ClCompile>
    <ClCompile Include="..\..\ceng-glsl\src\Initializer.cpp">
      <Filter>Source Files</Filter>
    </ClCompile>
    <ClCompile Include="..\..\ceng-glsl\src\InitDeclaratorList.cpp">
      <Filter>Source Files</Filter>
    </ClCompile>
    <ClCompile Include="..\..\ceng-glsl\src\GLSL_Parser.cpp">
      <Filter>Source Files</Filter>
    </ClCompile>
    <ClCompile Include="..\..\ceng-glsl\src\FullySpecifiedType.cpp">
      <Filter>Source Files</Filter>
    </ClCompile>
    <ClCompile Include="..\..\ceng-glsl\src\Declaration.cpp">
      <Filter>Source Files</Filter>
    </ClCompile>
    <ClCompile Include="..\..\ceng-glsl\src\ceng_GLSL.cpp">
      <Filter>Source Files</Filter>
    </ClCompile>
    <ClCompile Include="..\..\ceng-glsl\src\StorageQualifier.cpp">
      <Filter>Source Files</Filter>
    </ClCompile>
    <ClCompile Include="..\..\ceng-glsl\src\InterpolationQualifier.cpp">
      <Filter>Source Files</Filter>
    </ClCompile>
  </ItemGroup>
</Project>