<?xml version="1.0" encoding="utf-8"?>
<Project ToolsVersion="4.0" xmlns="http://schemas.microsoft.com/developer/msbuild/2003">
  <ItemGroup>
    <Filter Include="Source Files">
      <UniqueIdentifier>{4FC737F1-C7A5-4376-A066-2A32D752A2FF}</UniqueIdentifier>
      <Extensions>cpp;c;cc;cxx;c++;cppm;ixx;def;odl;idl;hpj;bat;asm;asmx</Extensions>
    </Filter>
    <Filter Include="Header Files">
      <UniqueIdentifier>{93995380-89BD-4b04-88EB-625FBE52EBFB}</UniqueIdentifier>
      <Extensions>h;hh;hpp;hxx;h++;hm;inl;inc;ipp;xsd</Extensions>
    </Filter>
    <Filter Include="Resource Files">
      <UniqueIdentifier>{67DA6AB6-F800-4c08-8B7A-83BB121AAD01}</UniqueIdentifier>
      <Extensions>rc;ico;cur;bmp;dlg;rc2;rct;bin;rgs;gif;jpg;jpeg;jpe;resx;tiff;tif;png;wav;mfcribbon-ms</Extensions>
    </Filter>
    <Filter Include="Header Files\public_interface">
      <UniqueIdentifier>{20db5930-fe36-4d45-bd9a-55e38a600bd4}</UniqueIdentifier>
    </Filter>
  </ItemGroup>
  <ItemGroup>
    <ClInclude Include="..\..\ceng-glsl\inc\ceng\GLSL\AbstractSyntaxTree.h">
      <Filter>Header Files\public_interface</Filter>
    </ClInclude>
    <ClInclude Include="..\..\ceng-glsl\inc\ceng\GLSL\IASTNode.h">
      <Filter>Header Files\public_interface</Filter>
    </ClInclude>
    <ClInclude Include="..\..\ceng-glsl\inc\ceng\GLSL\IParser.h">
      <Filter>Header Files\public_interface</Filter>
    </ClInclude>
    <ClInclude Include="..\..\ceng-glsl\inc\ceng\GLSL\Token.h">
      <Filter>Header Files\public_interface</Filter>
    </ClInclude>
    <ClInclude Include="..\..\ceng-glsl\inc\ceng\GLSL\TokenCategory.h">
      <Filter>Header Files\public_interface</Filter>
    </ClInclude>
    <ClInclude Include="..\..\ceng-glsl\inc\ceng\GLSL\TokenType.h">
      <Filter>Header Files\public_interface</Filter>
    </ClInclude>
    <ClInclude Include="..\..\ceng-glsl\src\ConstantExpression.h">
      <Filter>Header Files</Filter>
    </ClInclude>
    <ClInclude Include="..\..\ceng-glsl\src\Declaration.h">
      <Filter>Header Files</Filter>
    </ClInclude>
    <ClInclude Include="..\..\ceng-glsl\src\FullySpecifiedType.h">
      <Filter>Header Files</Filter>
    </ClInclude>
    <ClInclude Include="..\..\ceng-glsl\src\GLSL_Parser.h">
      <Filter>Header Files</Filter>
    </ClInclude>
    <ClInclude Include="..\..\ceng-glsl\src\InitDeclaratorList.h">
      <Filter>Header Files</Filter>
    </ClInclude>
    <ClInclude Include="..\..\ceng-glsl\src\Initializer.h">
      <Filter>Header Files</Filter>
    </ClInclude>
    <ClInclude Include="..\..\ceng-glsl\src\InterpolationQualifier.h">
      <Filter>Header Files</Filter>
    </ClInclude>
    <ClInclude Include="..\..\ceng-glsl\src\keyword_db.h">
      <Filter>Header Files</Filter>
    </ClInclude>
    <ClInclude Include="..\..\ceng-glsl\src\LayoutQualifier.h">
      <Filter>Header Files</Filter>
    </ClInclude>
    <ClInclude Include="..\..\ceng-glsl\src\LayoutQualifierId.h">
      <Filter>Header Files</Filter>
    </ClInclude>
    <ClInclude Include="..\..\ceng-glsl\src\LayoutQualifierIdList.h">
      <Filter>Header Files</Filter>
    </ClInclude>
    <ClInclude Include="..\..\ceng-glsl\src\ParserReturnValue.h">
      <Filter>Header Files</Filter>
    </ClInclude>
    <ClInclude Include="..\..\ceng-glsl\src\PrecisionQualifier.h">
      <Filter>Header Files</Filter>
    </ClInclude>
    <ClInclude Include="..\..\ceng-glsl\src\SingleDeclaration.h">
      <Filter>Header Files</Filter>
    </ClInclude>
    <ClInclude Include="..\..\ceng-glsl\src\StorageQualifier.h">
      <Filter>Header Files</Filter>
    </ClInclude>
    <ClInclude Include="..\..\ceng-glsl\src\StructSpecifier.h">
      <Filter>Header Files</Filter>
    </ClInclude>
    <ClInclude Include="..\..\ceng-glsl\src\TokenInfo.h">
      <Filter>Header Files</Filter>
    </ClInclude>
    <ClInclude Include="..\..\ceng-glsl\src\TypeQualifier.h">
      <Filter>Header Files</Filter>
    </ClInclude>
    <ClInclude Include="..\..\ceng-glsl\src\TypeSpecifierNoArray.h">
      <Filter>Header Files</Filter>
    </ClInclude>
    <ClInclude Include="..\..\ceng-glsl\src\TypeSpecifierNoPrecision.h">
      <Filter>Header Files</Filter>
    </ClInclude>
    <ClInclude Include="..\..\ceng-glsl\src\TypeSpecifier.h">
      <Filter>Header Files</Filter>
    </ClInclude>
    <ClInclude Include="..\..\ceng-glsl\inc\ceng\GLSL\Tokenizer.h">
      <Filter>Header Files\public_interface</Filter>
    </ClInclude>
    <ClInclude Include="..\..\ceng-glsl\src\INonTerminal.h">
      <Filter>Header Files</Filter>
    </ClInclude>
    <ClInclude Include="..\..\ceng-glsl\src\NonTerminalType.h">
      <Filter>Header Files</Filter>
    </ClInclude>
    <ClInclude Include="..\..\ceng-glsl\inc\ceng\GLSL\LogEntry.h">
      <Filter>Header Files\public_interface</Filter>
    </ClInclude>
    <ClInclude Include="..\..\ceng-glsl\inc\ceng\GLSL\LogLevel.h">
      <Filter>Header Files\public_interface</Filter>
    </ClInclude>
    <ClInclude Include="..\..\ceng-glsl\inc\ceng\GLSL\Log.h">
      <Filter>Header Files\public_interface</Filter>
    </ClInclude>
    <ClInclude Include="..\..\ceng-glsl\src\HandlerReturn.h">
      <Filter>Header Files</Filter>
    </ClInclude>
    <ClInclude Include="..\..\ceng-glsl\src\IStateHandler.h">
      <Filter>Header Files</Filter>
    </ClInclude>
    <ClInclude Include="..\..\ceng-glsl\src\Expression.h">
      <Filter>Header Files</Filter>
    </ClInclude>
    <ClInclude Include="..\..\ceng-glsl\src\PostfixExpression.h">
      <Filter>Header Files</Filter>
    </ClInclude>
    <ClInclude Include="..\..\ceng-glsl\src\IntegerExpression.h">
      <Filter>Header Files</Filter>
    </ClInclude>
    <ClInclude Include="..\..\ceng-glsl\src\FunctionCall.h">
      <Filter>Header Files</Filter>
    </ClInclude>
    <ClInclude Include="..\..\ceng-glsl\src\UnaryExpression.h">
      <Filter>Header Files</Filter>
    </ClInclude>
    <ClInclude Include="..\..\ceng-glsl\src\UnaryOperator.h">
      <Filter>Header Files</Filter>
    </ClInclude>
    <ClInclude Include="..\..\ceng-glsl\src\MultiplicativeExpression.h">
      <Filter>Header Files</Filter>
    </ClInclude>
    <ClInclude Include="..\..\ceng-glsl\src\AdditiveExpression.h">
      <Filter>Header Files</Filter>
    </ClInclude>
    <ClInclude Include="..\..\ceng-glsl\src\PrimaryExpression.h">
      <Filter>Header Files</Filter>
    </ClInclude>
    <ClInclude Include="..\..\ceng-glsl\src\ShiftExpression.h">
      <Filter>Header Files</Filter>
    </ClInclude>
    <ClInclude Include="..\..\ceng-glsl\src\RelationalExpression.h">
      <Filter>Header Files</Filter>
    </ClInclude>
    <ClInclude Include="..\..\ceng-glsl\src\EqualityExpression.h">
      <Filter>Header Files</Filter>
    </ClInclude>
    <ClInclude Include="..\..\ceng-glsl\src\AndExpression.h">
      <Filter>Header Files</Filter>
    </ClInclude>
    <ClInclude Include="..\..\ceng-glsl\src\XorExpression.h">
      <Filter>Header Files</Filter>
    </ClInclude>
    <ClInclude Include="..\..\ceng-glsl\src\OrExpression.h">
      <Filter>Header Files</Filter>
    </ClInclude>
    <ClInclude Include="..\..\ceng-glsl\src\LogicalAndExpression.h">
      <Filter>Header Files</Filter>
    </ClInclude>
    <ClInclude Include="..\..\ceng-glsl\src\LogicalXorExpression.h">
      <Filter>Header Files</Filter>
    </ClInclude>
    <ClInclude Include="..\..\ceng-glsl\src\LogicalOrExpression.h">
      <Filter>Header Files</Filter>
    </ClInclude>
    <ClInclude Include="..\..\ceng-glsl\src\ConditionalExpression.h">
      <Filter>Header Files</Filter>
    </ClInclude>
    <ClInclude Include="..\..\ceng-glsl\src\AssignmentExpression.h">
      <Filter>Header Files</Filter>
    </ClInclude>
    <ClInclude Include="..\..\ceng-glsl\src\AssignmentOperator.h">
      <Filter>Header Files</Filter>
    </ClInclude>
    <ClInclude Include="..\..\ceng-glsl\src\FunctionIdentifier.h">
      <Filter>Header Files</Filter>
    </ClInclude>
    <ClInclude Include="..\..\ceng-glsl\src\FunctionCallHeader.h">
      <Filter>Header Files</Filter>
    </ClInclude>
    <ClInclude Include="..\..\ceng-glsl\src\FunctionCallOrMethod.h">
      <Filter>Header Files</Filter>
    </ClInclude>
    <ClInclude Include="..\..\ceng-glsl\src\FunctionCallGeneric.h">
      <Filter>Header Files</Filter>
    </ClInclude>
    <ClInclude Include="..\..\ceng-glsl\src\FuncCallHeaderNoParams.h">
      <Filter>Header Files</Filter>
    </ClInclude>
    <ClInclude Include="..\..\ceng-glsl\src\FuncCallHeaderParams.h">
      <Filter>Header Files</Filter>
    </ClInclude>
    <ClInclude Include="..\..\ceng-glsl\src\CaseLabel.h">
      <Filter>Header Files</Filter>
    </ClInclude>
    <ClInclude Include="..\..\ceng-glsl\src\SwitchStatement.h">
      <Filter>Header Files</Filter>
    </ClInclude>
    <ClInclude Include="..\..\ceng-glsl\src\SwitchStatementList.h">
      <Filter>Header Files</Filter>
    </ClInclude>
    <ClInclude Include="..\..\ceng-glsl\src\Condition.h">
      <Filter>Header Files</Filter>
    </ClInclude>
    <ClInclude Include="..\..\ceng-glsl\src\SelectionStatement.h">
      <Filter>Header Files</Filter>
    </ClInclude>
    <ClInclude Include="..\..\ceng-glsl\src\SelectionRestStatement.h">
      <Filter>Header Files</Filter>
    </ClInclude>
    <ClInclude Include="..\..\ceng-glsl\src\StatementList.h">
      <Filter>Header Files</Filter>
    </ClInclude>
    <ClInclude Include="..\..\ceng-glsl\src\Statement.h">
      <Filter>Header Files</Filter>
    </ClInclude>
    <ClInclude Include="..\..\ceng-glsl\src\SimpleStatement.h">
      <Filter>Header Files</Filter>
    </ClInclude>
    <ClInclude Include="..\..\ceng-glsl\src\DeclarationStatement.h">
      <Filter>Header Files</Filter>
    </ClInclude>
    <ClInclude Include="..\..\ceng-glsl\src\ExpressionStatement.h">
      <Filter>Header Files</Filter>
    </ClInclude>
    <ClInclude Include="..\..\ceng-glsl\src\CompoundStatementNoNewScope.h">
      <Filter>Header Files</Filter>
    </ClInclude>
    <ClInclude Include="..\..\ceng-glsl\src\CompoundStatement.h">
      <Filter>Header Files</Filter>
    </ClInclude>
    <ClInclude Include="..\..\ceng-glsl\src\IterationStatement.h">
      <Filter>Header Files</Filter>
    </ClInclude>
    <ClInclude Include="..\..\ceng-glsl\src\StatementNoNewScope.h">
      <Filter>Header Files</Filter>
    </ClInclude>
    <ClInclude Include="..\..\ceng-glsl\src\ConditionOpt.h">
      <Filter>Header Files</Filter>
    </ClInclude>
    <ClInclude Include="..\..\ceng-glsl\src\ForRestStatement.h">
      <Filter>Header Files</Filter>
    </ClInclude>
    <ClInclude Include="..\..\ceng-glsl\src\ForInitStatement.h">
      <Filter>Header Files</Filter>
    </ClInclude>
    <ClInclude Include="..\..\ceng-glsl\src\JumpStatement.h">
      <Filter>Header Files</Filter>
    </ClInclude>
    <ClInclude Include="..\..\ceng-glsl\src\TranslationUnit.h">
      <Filter>Header Files</Filter>
    </ClInclude>
    <ClInclude Include="..\..\ceng-glsl\src\DeclarationData.h">
      <Filter>Header Files</Filter>
    </ClInclude>
    <ClInclude Include="..\..\ceng-glsl\src\StructDeclaration.h">
      <Filter>Header Files</Filter>
    </ClInclude>
    <ClInclude Include="..\..\ceng-glsl\src\StructDeclarationList.h">
      <Filter>Header Files</Filter>
    </ClInclude>
    <ClInclude Include="..\..\ceng-glsl\src\StructDeclaratorList.h">
      <Filter>Header Files</Filter>
    </ClInclude>
    <ClInclude Include="..\..\ceng-glsl\src\StructDeclarator.h">
      <Filter>Header Files</Filter>
    </ClInclude>
    <ClInclude Include="..\..\ceng-glsl\src\ParameterQualifier.h">
      <Filter>Header Files</Filter>
    </ClInclude>
    <ClInclude Include="..\..\ceng-glsl\src\ParameterTypeQualifier.h">
      <Filter>Header Files</Filter>
    </ClInclude>
    <ClInclude Include="..\..\ceng-glsl\src\ParameterDeclarator.h">
      <Filter>Header Files</Filter>
    </ClInclude>
    <ClInclude Include="..\..\ceng-glsl\src\FunctionPrototype.h">
      <Filter>Header Files</Filter>
    </ClInclude>
    <ClInclude Include="..\..\ceng-glsl\src\FunctionDeclarator.h">
      <Filter>Header Files</Filter>
    </ClInclude>
    <ClInclude Include="..\..\ceng-glsl\src\FunctionHeaderWithParams.h">
      <Filter>Header Files</Filter>
    </ClInclude>
    <ClInclude Include="..\..\ceng-glsl\src\ParameterDeclaration.h">
      <Filter>Header Files</Filter>
    </ClInclude>
    <ClInclude Include="..\..\ceng-glsl\src\FunctionHeader.h">
      <Filter>Header Files</Filter>
    </ClInclude>
    <ClInclude Include="..\..\ceng-glsl\src\StatementCategory.h">
      <Filter>Header Files</Filter>
    </ClInclude>
    <ClInclude Include="..\..\ceng-glsl\src\FunctionDefinition.h">
      <Filter>Header Files</Filter>
    </ClInclude>
    <ClInclude Include="..\..\ceng-glsl\src\Symbol.h">
      <Filter>Header Files</Filter>
    </ClInclude>
    <ClInclude Include="..\..\ceng-glsl\inc\ceng\GLSL\FilePosition.h">
      <Filter>Header Files\public_interface</Filter>
    </ClInclude>
    <ClInclude Include="..\..\ceng-glsl\src\SymbolDatabase.h">
      <Filter>Header Files</Filter>
    </ClInclude>
    <ClInclude Include="..\..\ceng-glsl\src\NonTerminalVisitor.h">
      <Filter>Header Files</Filter>
    </ClInclude>
    <ClInclude Include="..\..\ceng-glsl\src\NonTerminalProcessor.h">
      <Filter>Header Files</Filter>
    </ClInclude>
    <ClInclude Include="..\..\ceng-glsl\src\AST_Generator.h">
      <Filter>Header Files</Filter>
    </ClInclude>
    <ClInclude Include="..\..\ceng-glsl\inc\ceng\GLSL\AST_NodeType.h">
      <Filter>Header Files\public_interface</Filter>
    </ClInclude>
    <ClInclude Include="..\..\ceng-glsl\inc\ceng\GLSL\Rvalue.h">
      <Filter>Header Files\public_interface</Filter>
    </ClInclude>
    <ClInclude Include="..\..\ceng-glsl\inc\ceng\GLSL\AST_BinaryOperation.h">
      <Filter>Header Files\public_interface</Filter>
    </ClInclude>
    <ClInclude Include="..\..\ceng-glsl\inc\ceng\GLSL\AST_UnaryOperation.h">
      <Filter>Header Files\public_interface</Filter>
    </ClInclude>
    <ClInclude Include="..\..\ceng-glsl\inc\ceng\GLSL\AST_TranslationUnit.h">
      <Filter>Header Files\public_interface</Filter>
    </ClInclude>
    <ClInclude Include="..\..\ceng-glsl\inc\ceng\GLSL\StorageQualifierType.h">
      <Filter>Header Files\public_interface</Filter>
    </ClInclude>
    <ClInclude Include="..\..\ceng-glsl\inc\ceng\GLSL\BasicType.h">
      <Filter>Header Files\public_interface</Filter>
    </ClInclude>
    <ClInclude Include="..\..\ceng-glsl\inc\ceng\GLSL\InterpolationQualifierType.h">
      <Filter>Header Files\public_interface</Filter>
    </ClInclude>
    <ClInclude Include="..\..\ceng-glsl\inc\ceng\GLSL\AST_VariableDeclaration.h">
      <Filter>Header Files\public_interface</Filter>
    </ClInclude>
    <ClInclude Include="..\..\ceng-glsl\inc\ceng\GLSL\PrecisionQualifierType.h">
      <Filter>Header Files\public_interface</Filter>
    </ClInclude>
    <ClInclude Include="..\..\ceng-glsl\inc\ceng\GLSL\LayoutData.h">
      <Filter>Header Files\public_interface</Filter>
    </ClInclude>
    <ClInclude Include="..\..\ceng-glsl\inc\ceng\GLSL\AST_ReturnStatement.h">
      <Filter>Header Files\public_interface</Filter>
    </ClInclude>
    <ClInclude Include="..\..\ceng-glsl\inc\ceng\GLSL\AST_FunctionDefinition.h">
      <Filter>Header Files\public_interface</Filter>
    </ClInclude>
    <ClInclude Include="..\..\ceng-glsl\inc\ceng\GLSL\AST_FunctionPrototype.h">
      <Filter>Header Files\public_interface</Filter>
    </ClInclude>
    <ClInclude Include="..\..\ceng-glsl\inc\ceng\GLSL\Lvalue.h">
      <Filter>Header Files\public_interface</Filter>
    </ClInclude>
    <ClInclude Include="..\..\ceng-glsl\inc\ceng\GLSL\ArrayIndex.h">
      <Filter>Header Files\public_interface</Filter>
    </ClInclude>
    <ClInclude Include="..\..\ceng-glsl\inc\ceng\GLSL\AST_Datatype.h">
      <Filter>Header Files\public_interface</Filter>
    </ClInclude>
    <ClInclude Include="..\..\ceng-glsl\inc\ceng\GLSL\TypenameCategory.h">
      <Filter>Header Files\public_interface</Filter>
    </ClInclude>
    <ClInclude Include="..\..\ceng-glsl\inc\ceng\GLSL\AST_ReturnType.h">
      <Filter>Header Files\public_interface</Filter>
    </ClInclude>
    <ClInclude Include="..\..\ceng-glsl\inc\ceng\GLSL\FunctionParameter.h">
      <Filter>Header Files\public_interface</Filter>
    </ClInclude>
    <ClInclude Include="..\..\ceng-glsl\inc\ceng\GLSL\ParameterQualifierType.h">
      <Filter>Header Files\public_interface</Filter>
    </ClInclude>
    <ClInclude Include="..\..\ceng-glsl\inc\ceng\GLSL\AST_AssignmentOperation.h">
      <Filter>Header Files\public_interface</Filter>
    </ClInclude>
    <ClInclude Include="..\..\ceng-glsl\inc\ceng\GLSL\AST_ConditionalOperation.h">
      <Filter>Header Files\public_interface</Filter>
    </ClInclude>
    <ClInclude Include="..\..\ceng-glsl\inc\ceng\GLSL\AST_IncDecOperation.h">
      <Filter>Header Files\public_interface</Filter>
    </ClInclude>
    <ClInclude Include="..\..\ceng-glsl\inc\ceng\GLSL\AST_UnaryOperator.h">
      <Filter>Header Files\public_interface</Filter>
    </ClInclude>
    <ClInclude Include="..\..\ceng-glsl\inc\ceng\GLSL\VariableExpression.h">
      <Filter>Header Files\public_interface</Filter>
    </ClInclude>
    <ClInclude Include="..\..\ceng-glsl\inc\ceng\GLSL\FieldExpression.h">
      <Filter>Header Files\public_interface</Filter>
    </ClInclude>
    <ClInclude Include="..\..\ceng-glsl\inc\ceng\GLSL\AST_BinaryOperator.h">
      <Filter>Header Files\public_interface</Filter>
    </ClInclude>
    <ClInclude Include="..\..\ceng-glsl\src\SymbolNode.h">
      <Filter>Header Files</Filter>
    </ClInclude>
    <ClInclude Include="..\..\ceng-glsl\src\SymbolLink.h">
      <Filter>Header Files</Filter>
    </ClInclude>
    <ClInclude Include="..\..\ceng-glsl\inc\ceng\GLSL\AST_FunctionCall.h">
      <Filter>Header Files\public_interface</Filter>
    </ClInclude>
    <ClInclude Include="..\..\ceng-glsl\inc\ceng\GLSL\AST_Scope.h">
      <Filter>Header Files\public_interface</Filter>
    </ClInclude>
    <ClInclude Include="..\..\ceng-glsl\inc\ceng\GLSL\AST_IfBlock.h">
      <Filter>Header Files\public_interface</Filter>
    </ClInclude>
    <ClInclude Include="..\..\ceng-glsl\inc\ceng\GLSL\AST_SwitchBlock.h">
      <Filter>Header Files\public_interface</Filter>
    </ClInclude>
    <ClInclude Include="..\..\ceng-glsl\inc\ceng\GLSL\AST_CaseLabel.h">
      <Filter>Header Files\public_interface</Filter>
    </ClInclude>
    <ClInclude Include="..\..\ceng-glsl\inc\ceng\GLSL\AST_Break.h">
      <Filter>Header Files\public_interface</Filter>
    </ClInclude>
    <ClInclude Include="..\..\ceng-glsl\inc\ceng\GLSL\AST_WhileLoop.h">
      <Filter>Header Files\public_interface</Filter>
    </ClInclude>
    <ClInclude Include="..\..\ceng-glsl\inc\ceng\GLSL\AST_EmptyNode.h">
      <Filter>Header Files\public_interface</Filter>
    </ClInclude>
    <ClInclude Include="..\..\ceng-glsl\src\OperatorDatabase.h">
      <Filter>Header Files</Filter>
    </ClInclude>
    <ClInclude Include="..\..\ceng-glsl\inc\ceng\GLSL\SimpleDeclaration.h">
      <Filter>Header Files\public_interface</Filter>
    </ClInclude>
    <ClInclude Include="..\..\ceng-glsl\inc\ceng\GLSL\AST_NormalVariable.h">
      <Filter>Header Files\public_interface</Filter>
    </ClInclude>
    <ClInclude Include="..\..\ceng-glsl\inc\ceng\GLSL\AST_InvariantStatement.h">
      <Filter>Header Files\public_interface</Filter>
    </ClInclude>
    <ClInclude Include="..\..\ceng-glsl\inc\ceng\GLSL\AST_DefaultPrecision.h">
      <Filter>Header Files\public_interface</Filter>
    </ClInclude>
    <ClInclude Include="..\..\ceng-glsl\inc\ceng\GLSL\ShaderType.h">
      <Filter>Header Files\public_interface</Filter>
    </ClInclude>
    <ClInclude Include="..\..\ceng-glsl\inc\ceng\GLSL\AST_GeometryShaderIn.h">
      <Filter>Header Files\public_interface</Filter>
    </ClInclude>
    <ClInclude Include="..\..\ceng-glsl\inc\ceng\GLSL\AST_GeometryShaderOut.h">
      <Filter>Header Files\public_interface</Filter>
    </ClInclude>
  </ItemGroup>
  <ItemGroup>
    <ClCompile Include="..\..\ceng-glsl\src\TypeSpecifier.cpp">
      <Filter>Source Files</Filter>
    </ClCompile>
    <ClCompile Include="..\..\ceng-glsl\src\TypeSpecificationNoPrecision.cpp">
      <Filter>Source Files</Filter>
    </ClCompile>
    <ClCompile Include="..\..\ceng-glsl\src\TypeSpecificationNoArray.cpp">
      <Filter>Source Files</Filter>
    </ClCompile>
    <ClCompile Include="..\..\ceng-glsl\src\TypeQualifier.cpp">
      <Filter>Source Files</Filter>
    </ClCompile>
    <ClCompile Include="..\..\ceng-glsl\src\Tokenizer.cpp">
      <Filter>Source Files</Filter>
    </ClCompile>
    <ClCompile Include="..\..\ceng-glsl\src\Token.cpp">
      <Filter>Source Files</Filter>
    </ClCompile>
    <ClCompile Include="..\..\ceng-glsl\src\SingleDeclaration.cpp">
      <Filter>Source Files</Filter>
    </ClCompile>
    <ClCompile Include="..\..\ceng-glsl\src\keyword_db.cpp">
      <Filter>Source Files</Filter>
    </ClCompile>
    <ClCompile Include="..\..\ceng-glsl\src\Initializer.cpp">
      <Filter>Source Files</Filter>
    </ClCompile>
    <ClCompile Include="..\..\ceng-glsl\src\InitDeclaratorList.cpp">
      <Filter>Source Files</Filter>
    </ClCompile>
    <ClCompile Include="..\..\ceng-glsl\src\GLSL_Parser.cpp">
      <Filter>Source Files</Filter>
    </ClCompile>
    <ClCompile Include="..\..\ceng-glsl\src\FullySpecifiedType.cpp">
      <Filter>Source Files</Filter>
    </ClCompile>
    <ClCompile Include="..\..\ceng-glsl\src\Declaration.cpp">
      <Filter>Source Files</Filter>
    </ClCompile>
    <ClCompile Include="..\..\ceng-glsl\src\ceng_GLSL.cpp">
      <Filter>Source Files</Filter>
    </ClCompile>
    <ClCompile Include="..\..\ceng-glsl\src\StorageQualifier.cpp">
      <Filter>Source Files</Filter>
    </ClCompile>
    <ClCompile Include="..\..\ceng-glsl\src\InterpolationQualifier.cpp">
      <Filter>Source Files</Filter>
    </ClCompile>
    <ClCompile Include="..\..\ceng-glsl\src\LayoutQualifier.cpp">
      <Filter>Source Files</Filter>
    </ClCompile>
    <ClCompile Include="..\..\ceng-glsl\src\LayoutQualifierId.cpp">
      <Filter>Source Files</Filter>
    </ClCompile>
    <ClCompile Include="..\..\ceng-glsl\src\LayoutQualifierIdList.cpp">
      <Filter>Source Files</Filter>
    </ClCompile>
    <ClCompile Include="..\..\ceng-glsl\src\PrecisionQualifier.cpp">
      <Filter>Source Files</Filter>
    </ClCompile>
    <ClCompile Include="..\..\ceng-glsl\src\ParserReturnValue.cpp">
      <Filter>Source Files</Filter>
    </ClCompile>
    <ClCompile Include="..\..\ceng-glsl\src\NonTerminalType.cpp">
      <Filter>Source Files</Filter>
    </ClCompile>
    <ClCompile Include="..\..\ceng-glsl\src\Log.cpp">
      <Filter>Source Files</Filter>
    </ClCompile>
    <ClCompile Include="..\..\ceng-glsl\src\LogEntry.cpp">
      <Filter>Source Files</Filter>
    </ClCompile>
    <ClCompile Include="..\..\ceng-glsl\src\PrimaryExpression.cpp">
      <Filter>Source Files</Filter>
    </ClCompile>
    <ClCompile Include="..\..\ceng-glsl\src\PostfixExpression.cpp">
      <Filter>Source Files</Filter>
    </ClCompile>
    <ClCompile Include="..\..\ceng-glsl\src\UnaryExpression.cpp">
      <Filter>Source Files</Filter>
    </ClCompile>
    <ClCompile Include="..\..\ceng-glsl\src\UnaryOperator.cpp">
      <Filter>Source Files</Filter>
    </ClCompile>
    <ClCompile Include="..\..\ceng-glsl\src\MultiplicativeExpression.cpp">
      <Filter>Source Files</Filter>
    </ClCompile>
    <ClCompile Include="..\..\ceng-glsl\src\AdditiveExpression.cpp">
      <Filter>Source Files</Filter>
    </ClCompile>
    <ClCompile Include="..\..\ceng-glsl\src\ShiftExpression.cpp">
      <Filter>Source Files</Filter>
    </ClCompile>
    <ClCompile Include="..\..\ceng-glsl\src\RelationalExpression.cpp">
      <Filter>Source Files</Filter>
    </ClCompile>
    <ClCompile Include="..\..\ceng-glsl\src\EqualityExpression.cpp">
      <Filter>Source Files</Filter>
    </ClCompile>
    <ClCompile Include="..\..\ceng-glsl\src\AndExpression.cpp">
      <Filter>Source Files</Filter>
    </ClCompile>
    <ClCompile Include="..\..\ceng-glsl\src\XorExpression.cpp">
      <Filter>Source Files</Filter>
    </ClCompile>
    <ClCompile Include="..\..\ceng-glsl\src\OrExpression.cpp">
      <Filter>Source Files</Filter>
    </ClCompile>
    <ClCompile Include="..\..\ceng-glsl\src\LogicalAndExpression.cpp">
      <Filter>Source Files</Filter>
    </ClCompile>
    <ClCompile Include="..\..\ceng-glsl\src\LogicalXorExpression.cpp">
      <Filter>Source Files</Filter>
    </ClCompile>
    <ClCompile Include="..\..\ceng-glsl\src\LogicalOrExpression.cpp">
      <Filter>Source Files</Filter>
    </ClCompile>
    <ClCompile Include="..\..\ceng-glsl\src\ConditionalExpression.cpp">
      <Filter>Source Files</Filter>
    </ClCompile>
    <ClCompile Include="..\..\ceng-glsl\src\AssignmentExpression.cpp">
      <Filter>Source Files</Filter>
    </ClCompile>
    <ClCompile Include="..\..\ceng-glsl\src\AssignmentOperator.cpp">
      <Filter>Source Files</Filter>
    </ClCompile>
    <ClCompile Include="..\..\ceng-glsl\src\IStateHandler.cpp">
      <Filter>Source Files</Filter>
    </ClCompile>
    <ClCompile Include="..\..\ceng-glsl\src\Expression.cpp">
      <Filter>Source Files</Filter>
    </ClCompile>
    <ClCompile Include="..\..\ceng-glsl\src\FunctionIdentifier.cpp">
      <Filter>Source Files</Filter>
    </ClCompile>
    <ClCompile Include="..\..\ceng-glsl\src\FunctionCallHeader.cpp">
      <Filter>Source Files</Filter>
    </ClCompile>
    <ClCompile Include="..\..\ceng-glsl\src\FunctionCallOrMethod.cpp">
      <Filter>Source Files</Filter>
    </ClCompile>
    <ClCompile Include="..\..\ceng-glsl\src\FunctionCallGeneric.cpp">
      <Filter>Source Files</Filter>
    </ClCompile>
    <ClCompile Include="..\..\ceng-glsl\src\FuncCallHeaderNoParams.cpp">
      <Filter>Source Files</Filter>
    </ClCompile>
    <ClCompile Include="..\..\ceng-glsl\src\FuncCallHeaderParams.cpp">
      <Filter>Source Files</Filter>
    </ClCompile>
    <ClCompile Include="..\..\ceng-glsl\src\FunctionCall.cpp">
      <Filter>Source Files</Filter>
    </ClCompile>
    <ClCompile Include="..\..\ceng-glsl\src\TranslationUnit.cpp">
      <Filter>Source Files</Filter>
    </ClCompile>
    <ClCompile Include="..\..\ceng-glsl\src\StructSpecifier.cpp">
      <Filter>Source Files</Filter>
    </ClCompile>
    <ClCompile Include="..\..\ceng-glsl\src\IntegerExpression.cpp">
      <Filter>Source Files</Filter>
    </ClCompile>
    <ClCompile Include="..\..\ceng-glsl\src\DeclarationData.cpp">
      <Filter>Source Files</Filter>
    </ClCompile>
    <ClCompile Include="..\..\ceng-glsl\src\StructDeclaration.cpp">
      <Filter>Source Files</Filter>
    </ClCompile>
    <ClCompile Include="..\..\ceng-glsl\src\StructDeclarationList.cpp">
      <Filter>Source Files</Filter>
    </ClCompile>
    <ClCompile Include="..\..\ceng-glsl\src\StructDeclaratorList.cpp">
      <Filter>Source Files</Filter>
    </ClCompile>
    <ClCompile Include="..\..\ceng-glsl\src\StructDeclarator.cpp">
      <Filter>Source Files</Filter>
    </ClCompile>
    <ClCompile Include="..\..\ceng-glsl\src\ExpressionStatement.cpp">
      <Filter>Source Files</Filter>
    </ClCompile>
    <ClCompile Include="..\..\ceng-glsl\src\SimpleStatement.cpp">
      <Filter>Source Files</Filter>
    </ClCompile>
    <ClCompile Include="..\..\ceng-glsl\src\ParameterQualifier.cpp">
      <Filter>Source Files</Filter>
    </ClCompile>
    <ClCompile Include="..\..\ceng-glsl\src\ParameterTypeQualifier.cpp">
      <Filter>Source Files</Filter>
    </ClCompile>
    <ClCompile Include="..\..\ceng-glsl\src\ParameterDeclarator.cpp">
      <Filter>Source Files</Filter>
    </ClCompile>
    <ClCompile Include="..\..\ceng-glsl\src\FunctionPrototype.cpp">
      <Filter>Source Files</Filter>
    </ClCompile>
    <ClCompile Include="..\..\ceng-glsl\src\FunctionDeclarator.cpp">
      <Filter>Source Files</Filter>
    </ClCompile>
    <ClCompile Include="..\..\ceng-glsl\src\FunctionHeaderWithParams.cpp">
      <Filter>Source Files</Filter>
    </ClCompile>
    <ClCompile Include="..\..\ceng-glsl\src\ParameterDeclaration.cpp">
      <Filter>Source Files</Filter>
    </ClCompile>
    <ClCompile Include="..\..\ceng-glsl\src\FunctionHeader.cpp">
      <Filter>Source Files</Filter>
    </ClCompile>
    <ClCompile Include="..\..\ceng-glsl\src\Statement.cpp">
      <Filter>Source Files</Filter>
    </ClCompile>
    <ClCompile Include="..\..\ceng-glsl\src\CompoundStatement.cpp">
      <Filter>Source Files</Filter>
    </ClCompile>
    <ClCompile Include="..\..\ceng-glsl\src\StatementList.cpp">
      <Filter>Source Files</Filter>
    </ClCompile>
    <ClCompile Include="..\..\ceng-glsl\src\CompoundStatementNoNewScope.cpp">
      <Filter>Source Files</Filter>
    </ClCompile>
    <ClCompile Include="..\..\ceng-glsl\src\StatementNoNewScope.cpp">
      <Filter>Source Files</Filter>
    </ClCompile>
    <ClCompile Include="..\..\ceng-glsl\src\DeclarationStatement.cpp">
      <Filter>Source Files</Filter>
    </ClCompile>
    <ClCompile Include="..\..\ceng-glsl\src\FunctionDefinition.cpp">
      <Filter>Source Files</Filter>
    </ClCompile>
    <ClCompile Include="..\..\ceng-glsl\src\SelectionStatement.cpp">
      <Filter>Source Files</Filter>
    </ClCompile>
    <ClCompile Include="..\..\ceng-glsl\src\SelectionRestStatement.cpp">
      <Filter>Source Files</Filter>
    </ClCompile>
    <ClCompile Include="..\..\ceng-glsl\src\CaseLabel.cpp">
      <Filter>Source Files</Filter>
    </ClCompile>
    <ClCompile Include="..\..\ceng-glsl\src\SwitchStatement.cpp">
      <Filter>Source Files</Filter>
    </ClCompile>
    <ClCompile Include="..\..\ceng-glsl\src\SwitchStatementList.cpp">
      <Filter>Source Files</Filter>
    </ClCompile>
    <ClCompile Include="..\..\ceng-glsl\src\JumpStatement.cpp">
      <Filter>Source Files</Filter>
    </ClCompile>
    <ClCompile Include="..\..\ceng-glsl\src\IterationStatement.cpp">
      <Filter>Source Files</Filter>
    </ClCompile>
    <ClCompile Include="..\..\ceng-glsl\src\Condition.cpp">
      <Filter>Source Files</Filter>
    </ClCompile>
    <ClCompile Include="..\..\ceng-glsl\src\ForInitStatement.cpp">
      <Filter>Source Files</Filter>
    </ClCompile>
    <ClCompile Include="..\..\ceng-glsl\src\ForRestStatement.cpp">
      <Filter>Source Files</Filter>
    </ClCompile>
    <ClCompile Include="..\..\ceng-glsl\src\Symbol.cpp">
      <Filter>Source Files</Filter>
    </ClCompile>
    <ClCompile Include="..\..\ceng-glsl\src\SymbolDatabase.cpp">
      <Filter>Source Files</Filter>
    </ClCompile>
    <ClCompile Include="..\..\ceng-glsl\src\AST_Generator.cpp">
      <Filter>Source Files</Filter>
    </ClCompile>
    <ClCompile Include="..\..\ceng-glsl\src\AST_TranslationUnit.cpp">
      <Filter>Source Files</Filter>
    </ClCompile>
    <ClCompile Include="..\..\ceng-glsl\src\AST_UnaryOperation.cpp">
      <Filter>Source Files</Filter>
    </ClCompile>
    <ClCompile Include="..\..\ceng-glsl\src\AST_BinaryOperation.cpp">
      <Filter>Source Files</Filter>
    </ClCompile>
    <ClCompile Include="..\..\ceng-glsl\src\Rvalue.cpp">
      <Filter>Source Files</Filter>
    </ClCompile>
    <ClCompile Include="..\..\ceng-glsl\src\AST_NodeType.cpp">
      <Filter>Source Files</Filter>
    </ClCompile>
    <ClCompile Include="..\..\ceng-glsl\src\BasicType.cpp">
      <Filter>Source Files</Filter>
    </ClCompile>
    <ClCompile Include="..\..\ceng-glsl\src\AST_VariableDeclaration.cpp">
      <Filter>Source Files</Filter>
    </ClCompile>
    <ClCompile Include="..\..\ceng-glsl\src\AbstractSyntaxTree.cpp">
      <Filter>Source Files</Filter>
    </ClCompile>
    <ClCompile Include="..\..\ceng-glsl\src\InterpolationQualifierType.cpp">
      <Filter>Source Files</Filter>
    </ClCompile>
    <ClCompile Include="..\..\ceng-glsl\src\PrecisionQualifierType.cpp">
      <Filter>Source Files</Filter>
    </ClCompile>
    <ClCompile Include="..\..\ceng-glsl\src\StorageQualifierType.cpp">
      <Filter>Source Files</Filter>
    </ClCompile>
    <ClCompile Include="..\..\ceng-glsl\src\AST_ReturnStatement.cpp">
      <Filter>Source Files</Filter>
    </ClCompile>
    <ClCompile Include="..\..\ceng-glsl\src\ArrayIndex.cpp">
      <Filter>Source Files</Filter>
    </ClCompile>
    <ClCompile Include="..\..\ceng-glsl\src\Lvalue.cpp">
      <Filter>Source Files</Filter>
    </ClCompile>
    <ClCompile Include="..\..\ceng-glsl\src\AST_Datatype.cpp">
      <Filter>Source Files</Filter>
    </ClCompile>
    <ClCompile Include="..\..\ceng-glsl\src\AST_ReturnType.cpp">
      <Filter>Source Files</Filter>
    </ClCompile>
    <ClCompile Include="..\..\ceng-glsl\src\ParameterQualifierType.cpp">
      <Filter>Source Files</Filter>
    </ClCompile>
    <ClCompile Include="..\..\ceng-glsl\src\FunctionParameter.cpp">
      <Filter>Source Files</Filter>
    </ClCompile>
    <ClCompile Include="..\..\ceng-glsl\src\AST_FunctionPrototype.cpp">
      <Filter>Source Files</Filter>
    </ClCompile>
    <ClCompile Include="..\..\ceng-glsl\src\AST_AssignmentOperation.cpp">
      <Filter>Source Files</Filter>
    </ClCompile>
    <ClCompile Include="..\..\ceng-glsl\src\AST_ConditionalOperation.cpp">
      <Filter>Source Files</Filter>
    </ClCompile>
    <ClCompile Include="..\..\ceng-glsl\src\AST_IncDecOperation.cpp">
      <Filter>Source Files</Filter>
    </ClCompile>
    <ClCompile Include="..\..\ceng-glsl\src\VariableExpression.cpp">
      <Filter>Source Files</Filter>
    </ClCompile>
    <ClCompile Include="..\..\ceng-glsl\src\FieldExpression.cpp">
      <Filter>Source Files</Filter>
    </ClCompile>
    <ClCompile Include="..\..\ceng-glsl\src\AST_FunctionCall.cpp">
      <Filter>Source Files</Filter>
    </ClCompile>
    <ClCompile Include="..\..\ceng-glsl\src\AST_Scope.cpp">
      <Filter>Source Files</Filter>
    </ClCompile>
    <ClCompile Include="..\..\ceng-glsl\src\AST_IfBlock.cpp">
      <Filter>Source Files</Filter>
    </ClCompile>
    <ClCompile Include="..\..\ceng-glsl\src\AST_SwitchBlock.cpp">
      <Filter>Source Files</Filter>
    </ClCompile>
    <ClCompile Include="..\..\ceng-glsl\src\AST_CaseLabel.cpp">
      <Filter>Source Files</Filter>
    </ClCompile>
    <ClCompile Include="..\..\ceng-glsl\src\AST_Break.cpp">
      <Filter>Source Files</Filter>
    </ClCompile>
    <ClCompile Include="..\..\ceng-glsl\src\OperatorDatabase.cpp">
      <Filter>Source Files</Filter>
    </ClCompile>
    <ClCompile Include="..\..\ceng-glsl\src\SimpleDeclaration.cpp">
      <Filter>Source Files</Filter>
    </ClCompile>
    <ClCompile Include="..\..\ceng-glsl\src\AST_NormalVariable.cpp">
      <Filter>Source Files</Filter>
    </ClCompile>
    <ClCompile Include="..\..\ceng-glsl\src\AST_InvariantStatement.cpp">
      <Filter>Source Files</Filter>
    </ClCompile>
    <ClCompile Include="..\..\ceng-glsl\src\ShaderType.cpp">
      <Filter>Source Files</Filter>
    </ClCompile>
    <ClCompile Include="..\..\ceng-glsl\src\AST_DefaultPrecision.cpp">
      <Filter>Source Files</Filter>
    </ClCompile>
    <ClCompile Include="..\..\ceng-glsl\src\AST_GeometryShaderIn.cpp">
      <Filter>Source Files</Filter>
    </ClCompile>
    <ClCompile Include="..\..\ceng-glsl\src\AST_GeometryShaderOut.cpp">
      <Filter>Header Files\public_interface</Filter>
    </ClCompile>
  </ItemGroup>
</Project>